
Microsoft Visual Studio Solution File, Format Version 12.00
# Visual Studio Version 16
VisualStudioVersion = 16.0.29709.97
MinimumVisualStudioVersion = 10.0.40219.1
Project("{FAE04EC0-301F-11D3-BF4B-00C04F79EFBC}") = "Rock-Paper-Scissors", "Rock-Paper-Scissors.csproj", "{19A2AE06-F75D-4C43-A0E8-959023CF739A}"
EndProject
Global
	GlobalSection(SolutionConfigurationPlatforms) = preSolution
		Debug|Any CPU = Debug|Any CPU
		Release|Any CPU = Release|Any CPU
	EndGlobalSection
	GlobalSection(ProjectConfigurationPlatforms) = postSolution
		{19A2AE06-F75D-4C43-A0E8-959023CF739A}.Debug|Any CPU.ActiveCfg = Debug|Any CPU
		{19A2AE06-F75D-4C43-A0E8-959023CF739A}.Debug|Any CPU.Build.0 = Debug|Any CPU
		{19A2AE06-F75D-4C43-A0E8-959023CF739A}.Release|Any CPU.ActiveCfg = Release|Any CPU
		{19A2AE06-F75D-4C43-A0E8-959023CF739A}.Release|Any CPU.Build.0 = Release|Any CPU
	EndGlobalSection
	GlobalSection(SolutionProperties) = preSolution
		HideSolutionNode = FALSE
	EndGlobalSection
	GlobalSection(ExtensibilityGlobals) = postSolution
		SolutionGuid = {E3944A20-BEAA-432B-ACF9-BADE667BD075}
	EndGlobalSection
EndGlobal
